
Microsoft Visual Studio Solution File, Format Version 12.00
# Visual Studio Version 17
VisualStudioVersion = 17.5.002.0
MinimumVisualStudioVersion = 10.0.40219.1
Project("{9A19103F-16F7-4668-BE54-9A1E7A4F7556}") = "TestApp", "TestApp\TestApp.csproj", "{F3EA3520-CE68-421F-B2A5-68062D44E120}"
EndProject
Global
	GlobalSection(SolutionConfigurationPlatforms) = preSolution
		Debug|Any CPU = Debug|Any CPU
		Release|Any CPU = Release|Any CPU
	EndGlobalSection
	GlobalSection(ProjectConfigurationPlatforms) = postSolution
		{F3EA3520-CE68-421F-B2A5-68062D44E120}.Debug|Any CPU.ActiveCfg = Debug|Any CPU
		{F3EA3520-CE68-421F-B2A5-68062D44E120}.Debug|Any CPU.Build.0 = Debug|Any CPU
		{F3EA3520-CE68-421F-B2A5-68062D44E120}.Release|Any CPU.ActiveCfg = Release|Any CPU
		{F3EA3520-CE68-421F-B2A5-68062D44E120}.Release|Any CPU.Build.0 = Release|Any CPU
	EndGlobalSection
	GlobalSection(SolutionProperties) = preSolution
		HideSolutionNode = FALSE
	EndGlobalSection
	GlobalSection(ExtensibilityGlobals) = postSolution
		SolutionGuid = {90F58CC0-F1E3-4621-980B-7A25E367D68A}
	EndGlobalSection
EndGlobal
